{
  "pins" : [
    {
      "identity" : "math",
      "kind" : "remoteSourceControl",
      "location" : "https://github.com/ArcheGraphics/Math.git",
      "state" : {
        "branch" : "main",
        "revision" : "35a6317575cc4ff538cecc2a7c107d18a9a53b0d"
      }
    },
    {
      "identity" : "swift-log",
      "kind" : "remoteSourceControl",
      "location" : "https://github.com/apple/swift-log.git",
      "state" : {
        "revision" : "6fe203dc33195667ce1759bf0182975e4653ba1c",
        "version" : "1.4.4"
      }
    },
    {
      "identity" : "swiftimgui",
      "kind" : "remoteSourceControl",
      "location" : "https://github.com/ctreffs/SwiftImGui.git",
      "state" : {
        "revision" : "9a521cba8523fe4c2db4775e6d3fd2aff6cb9849",
        "version" : "1.86.0"
      }
    },
    {
      "identity" : "tween",
      "kind" : "remoteSourceControl",
      "location" : "https://github.com/ArcheGraphics/Tween",
      "state" : {
        "branch" : "main",
        "revision" : "9a227e52010e9b3642d11e0d2d2604a8bfce93b5"
      }
    }
  ],
  "version" : 2
}
