// !$*UTF8*$!
{
	archiveVersion = 1;
	classes = {
	};
	objectVersion = 56;
	objects = {

/* Begin PBXBuildFile section */
		3E67EDC9291B2F7600ED60C8 /* AppDelegate.swift in Sources */ = {isa = PBXBuildFile; fileRef = 3E67EDC8291B2F7600ED60C8 /* AppDelegate.swift */; };
		3E67EDCB291B2F7600ED60C8 /* Shaders.metal in Sources */ = {isa = PBXBuildFile; fileRef = 3E67EDCA291B2F7600ED60C8 /* Shaders.metal */; };
		3E67EDCE291B2F7600ED60C8 /* Renderer.swift in Sources */ = {isa = PBXBuildFile; fileRef = 3E67EDCD291B2F7600ED60C8 /* Renderer.swift */; };
		3E67EDD0291B2F7600ED60C8 /* ViewController.swift in Sources */ = {isa = PBXBuildFile; fileRef = 3E67EDCF291B2F7600ED60C8 /* ViewController.swift */; };
		3E67EDD3291B2F7600ED60C8 /* Main.storyboard in Resources */ = {isa = PBXBuildFile; fileRef = 3E67EDD1291B2F7600ED60C8 /* Main.storyboard */; };
		3E67EDD5291B2F7800ED60C8 /* Assets.xcassets in Resources */ = {isa = PBXBuildFile; fileRef = 3E67EDD4291B2F7800ED60C8 /* Assets.xcassets */; };
		3E67EDD8291B2F7800ED60C8 /* LaunchScreen.storyboard in Resources */ = {isa = PBXBuildFile; fileRef = 3E67EDD6291B2F7800ED60C8 /* LaunchScreen.storyboard */; };
		3E67EDE3291B2F7800ED60C8 /* SwiftArcheTests.swift in Sources */ = {isa = PBXBuildFile; fileRef = 3E67EDE2291B2F7800ED60C8 /* SwiftArcheTests.swift */; };
		3E67EDED291B2F7800ED60C8 /* SwiftArcheUITests.swift in Sources */ = {isa = PBXBuildFile; fileRef = 3E67EDEC291B2F7800ED60C8 /* SwiftArcheUITests.swift */; };
		3E67EDEF291B2F7800ED60C8 /* SwiftArcheUITestsLaunchTests.swift in Sources */ = {isa = PBXBuildFile; fileRef = 3E67EDEE291B2F7800ED60C8 /* SwiftArcheUITestsLaunchTests.swift */; };
/* End PBXBuildFile section */

/* Begin PBXContainerItemProxy section */
		3E67EDDF291B2F7800ED60C8 /* PBXContainerItemProxy */ = {
			isa = PBXContainerItemProxy;
			containerPortal = 3E67EDBD291B2F7600ED60C8 /* Project object */;
			proxyType = 1;
			remoteGlobalIDString = 3E67EDC4291B2F7600ED60C8;
			remoteInfo = SwiftArche;
		};
		3E67EDE9291B2F7800ED60C8 /* PBXContainerItemProxy */ = {
			isa = PBXContainerItemProxy;
			containerPortal = 3E67EDBD291B2F7600ED60C8 /* Project object */;
			proxyType = 1;
			remoteGlobalIDString = 3E67EDC4291B2F7600ED60C8;
			remoteInfo = SwiftArche;
		};
/* End PBXContainerItemProxy section */

/* Begin PBXFileReference section */
		3E67EDC5291B2F7600ED60C8 /* SwiftArche.app */ = {isa = PBXFileReference; explicitFileType = wrapper.application; includeInIndex = 0; path = SwiftArche.app; sourceTree = BUILT_PRODUCTS_DIR; };
		3E67EDC8291B2F7600ED60C8 /* AppDelegate.swift */ = {isa = PBXFileReference; lastKnownFileType = sourcecode.swift; path = AppDelegate.swift; sourceTree = "<group>"; };
		3E67EDCA291B2F7600ED60C8 /* Shaders.metal */ = {isa = PBXFileReference; lastKnownFileType = sourcecode.metal; path = Shaders.metal; sourceTree = "<group>"; };
		3E67EDCC291B2F7600ED60C8 /* ShaderTypes.h */ = {isa = PBXFileReference; lastKnownFileType = sourcecode.c.h; path = ShaderTypes.h; sourceTree = "<group>"; };
		3E67EDCD291B2F7600ED60C8 /* Renderer.swift */ = {isa = PBXFileReference; lastKnownFileType = sourcecode.swift; path = Renderer.swift; sourceTree = "<group>"; };
		3E67EDCF291B2F7600ED60C8 /* ViewController.swift */ = {isa = PBXFileReference; lastKnownFileType = sourcecode.swift; path = ViewController.swift; sourceTree = "<group>"; };
		3E67EDD2291B2F7600ED60C8 /* Base */ = {isa = PBXFileReference; lastKnownFileType = file.storyboard; name = Base; path = Base.lproj/Main.storyboard; sourceTree = "<group>"; };
		3E67EDD4291B2F7800ED60C8 /* Assets.xcassets */ = {isa = PBXFileReference; lastKnownFileType = folder.assetcatalog; path = Assets.xcassets; sourceTree = "<group>"; };
		3E67EDD7291B2F7800ED60C8 /* Base */ = {isa = PBXFileReference; lastKnownFileType = file.storyboard; name = Base; path = Base.lproj/LaunchScreen.storyboard; sourceTree = "<group>"; };
		3E67EDD9291B2F7800ED60C8 /* SwiftArche-Bridging-Header.h */ = {isa = PBXFileReference; lastKnownFileType = sourcecode.c.h; path = "SwiftArche-Bridging-Header.h"; sourceTree = "<group>"; };
		3E67EDDE291B2F7800ED60C8 /* SwiftArcheTests.xctest */ = {isa = PBXFileReference; explicitFileType = wrapper.cfbundle; includeInIndex = 0; path = SwiftArcheTests.xctest; sourceTree = BUILT_PRODUCTS_DIR; };
		3E67EDE2291B2F7800ED60C8 /* SwiftArcheTests.swift */ = {isa = PBXFileReference; lastKnownFileType = sourcecode.swift; path = SwiftArcheTests.swift; sourceTree = "<group>"; };
		3E67EDE8291B2F7800ED60C8 /* SwiftArcheUITests.xctest */ = {isa = PBXFileReference; explicitFileType = wrapper.cfbundle; includeInIndex = 0; path = SwiftArcheUITests.xctest; sourceTree = BUILT_PRODUCTS_DIR; };
		3E67EDEC291B2F7800ED60C8 /* SwiftArcheUITests.swift */ = {isa = PBXFileReference; lastKnownFileType = sourcecode.swift; path = SwiftArcheUITests.swift; sourceTree = "<group>"; };
		3E67EDEE291B2F7800ED60C8 /* SwiftArcheUITestsLaunchTests.swift */ = {isa = PBXFileReference; lastKnownFileType = sourcecode.swift; path = SwiftArcheUITestsLaunchTests.swift; sourceTree = "<group>"; };
/* End PBXFileReference section */

/* Begin PBXFrameworksBuildPhase section */
		3E67EDC2291B2F7600ED60C8 /* Frameworks */ = {
			isa = PBXFrameworksBuildPhase;
			buildActionMask = 2147483647;
			files = (
			);
			runOnlyForDeploymentPostprocessing = 0;
		};
		3E67EDDB291B2F7800ED60C8 /* Frameworks */ = {
			isa = PBXFrameworksBuildPhase;
			buildActionMask = 2147483647;
			files = (
			);
			runOnlyForDeploymentPostprocessing = 0;
		};
		3E67EDE5291B2F7800ED60C8 /* Frameworks */ = {
			isa = PBXFrameworksBuildPhase;
			buildActionMask = 2147483647;
			files = (
			);
			runOnlyForDeploymentPostprocessing = 0;
		};
/* End PBXFrameworksBuildPhase section */

/* Begin PBXGroup section */
		3E67EDBC291B2F7600ED60C8 = {
			isa = PBXGroup;
			children = (
				3E67EDC7291B2F7600ED60C8 /* SwiftArche */,
				3E67EDE1291B2F7800ED60C8 /* SwiftArcheTests */,
				3E67EDEB291B2F7800ED60C8 /* SwiftArcheUITests */,
				3E67EDC6291B2F7600ED60C8 /* Products */,
			);
			sourceTree = "<group>";
		};
		3E67EDC6291B2F7600ED60C8 /* Products */ = {
			isa = PBXGroup;
			children = (
				3E67EDC5291B2F7600ED60C8 /* SwiftArche.app */,
				3E67EDDE291B2F7800ED60C8 /* SwiftArcheTests.xctest */,
				3E67EDE8291B2F7800ED60C8 /* SwiftArcheUITests.xctest */,
			);
			name = Products;
			sourceTree = "<group>";
		};
		3E67EDC7291B2F7600ED60C8 /* SwiftArche */ = {
			isa = PBXGroup;
			children = (
				3E67EDC8291B2F7600ED60C8 /* AppDelegate.swift */,
				3E67EDCA291B2F7600ED60C8 /* Shaders.metal */,
				3E67EDCC291B2F7600ED60C8 /* ShaderTypes.h */,
				3E67EDCD291B2F7600ED60C8 /* Renderer.swift */,
				3E67EDCF291B2F7600ED60C8 /* ViewController.swift */,
				3E67EDD1291B2F7600ED60C8 /* Main.storyboard */,
				3E67EDD4291B2F7800ED60C8 /* Assets.xcassets */,
				3E67EDD6291B2F7800ED60C8 /* LaunchScreen.storyboard */,
				3E67EDD9291B2F7800ED60C8 /* SwiftArche-Bridging-Header.h */,
			);
			path = SwiftArche;
			sourceTree = "<group>";
		};
		3E67EDE1291B2F7800ED60C8 /* SwiftArcheTests */ = {
			isa = PBXGroup;
			children = (
				3E67EDE2291B2F7800ED60C8 /* SwiftArcheTests.swift */,
			);
			path = SwiftArcheTests;
			sourceTree = "<group>";
		};
		3E67EDEB291B2F7800ED60C8 /* SwiftArcheUITests */ = {
			isa = PBXGroup;
			children = (
				3E67EDEC291B2F7800ED60C8 /* SwiftArcheUITests.swift */,
				3E67EDEE291B2F7800ED60C8 /* SwiftArcheUITestsLaunchTests.swift */,
			);
			path = SwiftArcheUITests;
			sourceTree = "<group>";
		};
/* End PBXGroup section */

/* Begin PBXNativeTarget section */
		3E67EDC4291B2F7600ED60C8 /* SwiftArche */ = {
			isa = PBXNativeTarget;
			buildConfigurationList = 3E67EDF2291B2F7800ED60C8 /* Build configuration list for PBXNativeTarget "SwiftArche" */;
			buildPhases = (
				3E67EDC1291B2F7600ED60C8 /* Sources */,
				3E67EDC2291B2F7600ED60C8 /* Frameworks */,
				3E67EDC3291B2F7600ED60C8 /* Resources */,
			);
			buildRules = (
			);
			dependencies = (
			);
			name = SwiftArche;
			productName = SwiftArche;
			productReference = 3E67EDC5291B2F7600ED60C8 /* SwiftArche.app */;
			productType = "com.apple.product-type.application";
		};
		3E67EDDD291B2F7800ED60C8 /* SwiftArcheTests */ = {
			isa = PBXNativeTarget;
			buildConfigurationList = 3E67EDF5291B2F7800ED60C8 /* Build configuration list for PBXNativeTarget "SwiftArcheTests" */;
			buildPhases = (
				3E67EDDA291B2F7800ED60C8 /* Sources */,
				3E67EDDB291B2F7800ED60C8 /* Frameworks */,
				3E67EDDC291B2F7800ED60C8 /* Resources */,
			);
			buildRules = (
			);
			dependencies = (
				3E67EDE0291B2F7800ED60C8 /* PBXTargetDependency */,
			);
			name = SwiftArcheTests;
			productName = SwiftArcheTests;
			productReference = 3E67EDDE291B2F7800ED60C8 /* SwiftArcheTests.xctest */;
			productType = "com.apple.product-type.bundle.unit-test";
		};
		3E67EDE7291B2F7800ED60C8 /* SwiftArcheUITests */ = {
			isa = PBXNativeTarget;
			buildConfigurationList = 3E67EDF8291B2F7800ED60C8 /* Build configuration list for PBXNativeTarget "SwiftArcheUITests" */;
			buildPhases = (
				3E67EDE4291B2F7800ED60C8 /* Sources */,
				3E67EDE5291B2F7800ED60C8 /* Frameworks */,
				3E67EDE6291B2F7800ED60C8 /* Resources */,
			);
			buildRules = (
			);
			dependencies = (
				3E67EDEA291B2F7800ED60C8 /* PBXTargetDependency */,
			);
			name = SwiftArcheUITests;
			productName = SwiftArcheUITests;
			productReference = 3E67EDE8291B2F7800ED60C8 /* SwiftArcheUITests.xctest */;
			productType = "com.apple.product-type.bundle.ui-testing";
		};
/* End PBXNativeTarget section */

/* Begin PBXProject section */
		3E67EDBD291B2F7600ED60C8 /* Project object */ = {
			isa = PBXProject;
			attributes = {
				BuildIndependentTargetsInParallel = 1;
				LastSwiftUpdateCheck = 1410;
				LastUpgradeCheck = 1410;
				TargetAttributes = {
					3E67EDC4291B2F7600ED60C8 = {
						CreatedOnToolsVersion = 14.1;
					};
					3E67EDDD291B2F7800ED60C8 = {
						CreatedOnToolsVersion = 14.1;
						TestTargetID = 3E67EDC4291B2F7600ED60C8;
					};
					3E67EDE7291B2F7800ED60C8 = {
						CreatedOnToolsVersion = 14.1;
						TestTargetID = 3E67EDC4291B2F7600ED60C8;
					};
				};
			};
			buildConfigurationList = 3E67EDC0291B2F7600ED60C8 /* Build configuration list for PBXProject "SwiftArche" */;
			compatibilityVersion = "Xcode 14.0";
			developmentRegion = en;
			hasScannedForEncodings = 0;
			knownRegions = (
				en,
				Base,
			);
			mainGroup = 3E67EDBC291B2F7600ED60C8;
			productRefGroup = 3E67EDC6291B2F7600ED60C8 /* Products */;
			projectDirPath = "";
			projectRoot = "";
			targets = (
				3E67EDC4291B2F7600ED60C8 /* SwiftArche */,
				3E67EDDD291B2F7800ED60C8 /* SwiftArcheTests */,
				3E67EDE7291B2F7800ED60C8 /* SwiftArcheUITests */,
			);
		};
/* End PBXProject section */

/* Begin PBXResourcesBuildPhase section */
		3E67EDC3291B2F7600ED60C8 /* Resources */ = {
			isa = PBXResourcesBuildPhase;
			buildActionMask = 2147483647;
			files = (
				3E67EDD8291B2F7800ED60C8 /* LaunchScreen.storyboard in Resources */,
				3E67EDD5291B2F7800ED60C8 /* Assets.xcassets in Resources */,
				3E67EDD3291B2F7600ED60C8 /* Main.storyboard in Resources */,
			);
			runOnlyForDeploymentPostprocessing = 0;
		};
		3E67EDDC291B2F7800ED60C8 /* Resources */ = {
			isa = PBXResourcesBuildPhase;
			buildActionMask = 2147483647;
			files = (
			);
			runOnlyForDeploymentPostprocessing = 0;
		};
		3E67EDE6291B2F7800ED60C8 /* Resources */ = {
			isa = PBXResourcesBuildPhase;
			buildActionMask = 2147483647;
			files = (
			);
			runOnlyForDeploymentPostprocessing = 0;
		};
/* End PBXResourcesBuildPhase section */

/* Begin PBXSourcesBuildPhase section */
		3E67EDC1291B2F7600ED60C8 /* Sources */ = {
			isa = PBXSourcesBuildPhase;
			buildActionMask = 2147483647;
			files = (
				3E67EDCB291B2F7600ED60C8 /* Shaders.metal in Sources */,
				3E67EDCE291B2F7600ED60C8 /* Renderer.swift in Sources */,
				3E67EDD0291B2F7600ED60C8 /* ViewController.swift in Sources */,
				3E67EDC9291B2F7600ED60C8 /* AppDelegate.swift in Sources */,
			);
			runOnlyForDeploymentPostprocessing = 0;
		};
		3E67EDDA291B2F7800ED60C8 /* Sources */ = {
			isa = PBXSourcesBuildPhase;
			buildActionMask = 2147483647;
			files = (
				3E67EDE3291B2F7800ED60C8 /* SwiftArcheTests.swift in Sources */,
			);
			runOnlyForDeploymentPostprocessing = 0;
		};
		3E67EDE4291B2F7800ED60C8 /* Sources */ = {
			isa = PBXSourcesBuildPhase;
			buildActionMask = 2147483647;
			files = (
				3E67EDEF291B2F7800ED60C8 /* SwiftArcheUITestsLaunchTests.swift in Sources */,
				3E67EDED291B2F7800ED60C8 /* SwiftArcheUITests.swift in Sources */,
			);
			runOnlyForDeploymentPostprocessing = 0;
		};
/* End PBXSourcesBuildPhase section */

/* Begin PBXTargetDependency section */
		3E67EDE0291B2F7800ED60C8 /* PBXTargetDependency */ = {
			isa = PBXTargetDependency;
			target = 3E67EDC4291B2F7600ED60C8 /* SwiftArche */;
			targetProxy = 3E67EDDF291B2F7800ED60C8 /* PBXContainerItemProxy */;
		};
		3E67EDEA291B2F7800ED60C8 /* PBXTargetDependency */ = {
			isa = PBXTargetDependency;
			target = 3E67EDC4291B2F7600ED60C8 /* SwiftArche */;
			targetProxy = 3E67EDE9291B2F7800ED60C8 /* PBXContainerItemProxy */;
		};
/* End PBXTargetDependency section */

/* Begin PBXVariantGroup section */
		3E67EDD1291B2F7600ED60C8 /* Main.storyboard */ = {
			isa = PBXVariantGroup;
			children = (
				3E67EDD2291B2F7600ED60C8 /* Base */,
			);
			name = Main.storyboard;
			sourceTree = "<group>";
		};
		3E67EDD6291B2F7800ED60C8 /* LaunchScreen.storyboard */ = {
			isa = PBXVariantGroup;
			children = (
				3E67EDD7291B2F7800ED60C8 /* Base */,
			);
			name = LaunchScreen.storyboard;
			sourceTree = "<group>";
		};
/* End PBXVariantGroup section */

/* Begin XCBuildConfiguration section */
		3E67EDF0291B2F7800ED60C8 /* Debug */ = {
			isa = XCBuildConfiguration;
			buildSettings = {
				ALWAYS_SEARCH_USER_PATHS = NO;
				CLANG_ANALYZER_NONNULL = YES;
				CLANG_ANALYZER_NUMBER_OBJECT_CONVERSION = YES_AGGRESSIVE;
				CLANG_CXX_LANGUAGE_STANDARD = "gnu++20";
				CLANG_ENABLE_MODULES = YES;
				CLANG_ENABLE_OBJC_ARC = YES;
				CLANG_ENABLE_OBJC_WEAK = YES;
				CLANG_WARN_BLOCK_CAPTURE_AUTORELEASING = YES;
				CLANG_WARN_BOOL_CONVERSION = YES;
				CLANG_WARN_COMMA = YES;
				CLANG_WARN_CONSTANT_CONVERSION = YES;
				CLANG_WARN_DEPRECATED_OBJC_IMPLEMENTATIONS = YES;
				CLANG_WARN_DIRECT_OBJC_ISA_USAGE = YES_ERROR;
				CLANG_WARN_DOCUMENTATION_COMMENTS = YES;
				CLANG_WARN_EMPTY_BODY = YES;
				CLANG_WARN_ENUM_CONVERSION = YES;
				CLANG_WARN_INFINITE_RECURSION = YES;
				CLANG_WARN_INT_CONVERSION = YES;
				CLANG_WARN_NON_LITERAL_NULL_CONVERSION = YES;
				CLANG_WARN_OBJC_IMPLICIT_RETAIN_SELF = YES;
				CLANG_WARN_OBJC_LITERAL_CONVERSION = YES;
				CLANG_WARN_OBJC_ROOT_CLASS = YES_ERROR;
				CLANG_WARN_QUOTED_INCLUDE_IN_FRAMEWORK_HEADER = YES;
				CLANG_WARN_RANGE_LOOP_ANALYSIS = YES;
				CLANG_WARN_STRICT_PROTOTYPES = YES;
				CLANG_WARN_SUSPICIOUS_MOVE = YES;
				CLANG_WARN_UNGUARDED_AVAILABILITY = YES_AGGRESSIVE;
				CLANG_WARN_UNREACHABLE_CODE = YES;
				CLANG_WARN__DUPLICATE_METHOD_MATCH = YES;
				COPY_PHASE_STRIP = NO;
				DEBUG_INFORMATION_FORMAT = dwarf;
				ENABLE_STRICT_OBJC_MSGSEND = YES;
				ENABLE_TESTABILITY = YES;
				GCC_C_LANGUAGE_STANDARD = gnu11;
				GCC_DYNAMIC_NO_PIC = NO;
				GCC_NO_COMMON_BLOCKS = YES;
				GCC_OPTIMIZATION_LEVEL = 0;
				GCC_PREPROCESSOR_DEFINITIONS = (
					"DEBUG=1",
					"$(inherited)",
				);
				GCC_WARN_64_TO_32_BIT_CONVERSION = YES;
				GCC_WARN_ABOUT_RETURN_TYPE = YES_ERROR;
				GCC_WARN_UNDECLARED_SELECTOR = YES;
				GCC_WARN_UNINITIALIZED_AUTOS = YES_AGGRESSIVE;
				GCC_WARN_UNUSED_FUNCTION = YES;
				GCC_WARN_UNUSED_VARIABLE = YES;
				IPHONEOS_DEPLOYMENT_TARGET = 16.1;
				MTL_ENABLE_DEBUG_INFO = INCLUDE_SOURCE;
				MTL_FAST_MATH = YES;
				ONLY_ACTIVE_ARCH = YES;
				SDKROOT = iphoneos;
				SWIFT_ACTIVE_COMPILATION_CONDITIONS = DEBUG;
				SWIFT_OPTIMIZATION_LEVEL = "-Onone";
			};
			name = Debug;
		};
		3E67EDF1291B2F7800ED60C8 /* Release */ = {
			isa = XCBuildConfiguration;
			buildSettings = {
				ALWAYS_SEARCH_USER_PATHS = NO;
				CLANG_ANALYZER_NONNULL = YES;
				CLANG_ANALYZER_NUMBER_OBJECT_CONVERSION = YES_AGGRESSIVE;
				CLANG_CXX_LANGUAGE_STANDARD = "gnu++20";
				CLANG_ENABLE_MODULES = YES;
				CLANG_ENABLE_OBJC_ARC = YES;
				CLANG_ENABLE_OBJC_WEAK = YES;
				CLANG_WARN_BLOCK_CAPTURE_AUTORELEASING = YES;
				CLANG_WARN_BOOL_CONVERSION = YES;
				CLANG_WARN_COMMA = YES;
				CLANG_WARN_CONSTANT_CONVERSION = YES;
				CLANG_WARN_DEPRECATED_OBJC_IMPLEMENTATIONS = YES;
				CLANG_WARN_DIRECT_OBJC_ISA_USAGE = YES_ERROR;
				CLANG_WARN_DOCUMENTATION_COMMENTS = YES;
				CLANG_WARN_EMPTY_BODY = YES;
				CLANG_WARN_ENUM_CONVERSION = YES;
				CLANG_WARN_INFINITE_RECURSION = YES;
				CLANG_WARN_INT_CONVERSION = YES;
				CLANG_WARN_NON_LITERAL_NULL_CONVERSION = YES;
				CLANG_WARN_OBJC_IMPLICIT_RETAIN_SELF = YES;
				CLANG_WARN_OBJC_LITERAL_CONVERSION = YES;
				CLANG_WARN_OBJC_ROOT_CLASS = YES_ERROR;
				CLANG_WARN_QUOTED_INCLUDE_IN_FRAMEWORK_HEADER = YES;
				CLANG_WARN_RANGE_LOOP_ANALYSIS = YES;
				CLANG_WARN_STRICT_PROTOTYPES = YES;
				CLANG_WARN_SUSPICIOUS_MOVE = YES;
				CLANG_WARN_UNGUARDED_AVAILABILITY = YES_AGGRESSIVE;
				CLANG_WARN_UNREACHABLE_CODE = YES;
				CLANG_WARN__DUPLICATE_METHOD_MATCH = YES;
				COPY_PHASE_STRIP = NO;
				DEBUG_INFORMATION_FORMAT = "dwarf-with-dsym";
				ENABLE_NS_ASSERTIONS = NO;
				ENABLE_STRICT_OBJC_MSGSEND = YES;
				GCC_C_LANGUAGE_STANDARD = gnu11;
				GCC_NO_COMMON_BLOCKS = YES;
				GCC_WARN_64_TO_32_BIT_CONVERSION = YES;
				GCC_WARN_ABOUT_RETURN_TYPE = YES_ERROR;
				GCC_WARN_UNDECLARED_SELECTOR = YES;
				GCC_WARN_UNINITIALIZED_AUTOS = YES_AGGRESSIVE;
				GCC_WARN_UNUSED_FUNCTION = YES;
				GCC_WARN_UNUSED_VARIABLE = YES;
				IPHONEOS_DEPLOYMENT_TARGET = 16.1;
				MTL_ENABLE_DEBUG_INFO = NO;
				MTL_FAST_MATH = YES;
				SDKROOT = iphoneos;
				SWIFT_COMPILATION_MODE = wholemodule;
				SWIFT_OPTIMIZATION_LEVEL = "-O";
				VALIDATE_PRODUCT = YES;
			};
			name = Release;
		};
		3E67EDF3291B2F7800ED60C8 /* Debug */ = {
			isa = XCBuildConfiguration;
			buildSettings = {
				ASSETCATALOG_COMPILER_APPICON_NAME = AppIcon;
				ASSETCATALOG_COMPILER_GLOBAL_ACCENT_COLOR_NAME = AccentColor;
				CODE_SIGN_STYLE = Automatic;
				CURRENT_PROJECT_VERSION = 1;
				DEVELOPMENT_TEAM = 4SL5L673UU;
				GENERATE_INFOPLIST_FILE = YES;
				INFOPLIST_KEY_NSCameraUsageDescription = "";
				INFOPLIST_KEY_UIApplicationSupportsIndirectInputEvents = YES;
				INFOPLIST_KEY_UILaunchStoryboardName = LaunchScreen;
				INFOPLIST_KEY_UIMainStoryboardFile = Main;
				INFOPLIST_KEY_UIRequiredDeviceCapabilities = "arkit metal";
				INFOPLIST_KEY_UIRequiresFullScreen = YES;
				INFOPLIST_KEY_UIStatusBarHidden = YES;
				INFOPLIST_KEY_UISupportedInterfaceOrientations = UIInterfaceOrientationLandscapeRight;
				INFOPLIST_KEY_UISupportedInterfaceOrientations_iPad = UIInterfaceOrientationLandscapeRight;
				INFOPLIST_KEY_UISupportedInterfaceOrientations_iPhone = "UIInterfaceOrientationPortrait UIInterfaceOrientationLandscapeLeft UIInterfaceOrientationLandscapeRight";
				LD_RUNPATH_SEARCH_PATHS = (
					"$(inherited)",
					"@executable_path/Frameworks",
				);
				MARKETING_VERSION = 1.0;
				PRODUCT_BUNDLE_IDENTIFIER = archegraphics.SwiftArche;
				PRODUCT_NAME = "$(TARGET_NAME)";
				SWIFT_EMIT_LOC_STRINGS = YES;
				SWIFT_OBJC_BRIDGING_HEADER = "SwiftArche/SwiftArche-Bridging-Header.h";
				SWIFT_VERSION = 5.0;
				TARGETED_DEVICE_FAMILY = "1,2";
			};
			name = Debug;
		};
		3E67EDF4291B2F7800ED60C8 /* Release */ = {
			isa = XCBuildConfiguration;
			buildSettings = {
				ASSETCATALOG_COMPILER_APPICON_NAME = AppIcon;
				ASSETCATALOG_COMPILER_GLOBAL_ACCENT_COLOR_NAME = AccentColor;
				CODE_SIGN_STYLE = Automatic;
				CURRENT_PROJECT_VERSION = 1;
				DEVELOPMENT_TEAM = 4SL5L673UU;
				GENERATE_INFOPLIST_FILE = YES;
				INFOPLIST_KEY_NSCameraUsageDescription = "";
				INFOPLIST_KEY_UIApplicationSupportsIndirectInputEvents = YES;
				INFOPLIST_KEY_UILaunchStoryboardName = LaunchScreen;
				INFOPLIST_KEY_UIMainStoryboardFile = Main;
				INFOPLIST_KEY_UIRequiredDeviceCapabilities = "arkit metal";
				INFOPLIST_KEY_UIRequiresFullScreen = YES;
				INFOPLIST_KEY_UIStatusBarHidden = YES;
				INFOPLIST_KEY_UISupportedInterfaceOrientations = UIInterfaceOrientationLandscapeRight;
				INFOPLIST_KEY_UISupportedInterfaceOrientations_iPad = UIInterfaceOrientationLandscapeRight;
				INFOPLIST_KEY_UISupportedInterfaceOrientations_iPhone = "UIInterfaceOrientationPortrait UIInterfaceOrientationLandscapeLeft UIInterfaceOrientationLandscapeRight";
				LD_RUNPATH_SEARCH_PATHS = (
					"$(inherited)",
					"@executable_path/Frameworks",
				);
				MARKETING_VERSION = 1.0;
				PRODUCT_BUNDLE_IDENTIFIER = archegraphics.SwiftArche;
				PRODUCT_NAME = "$(TARGET_NAME)";
				SWIFT_EMIT_LOC_STRINGS = YES;
				SWIFT_OBJC_BRIDGING_HEADER = "SwiftArche/SwiftArche-Bridging-Header.h";
				SWIFT_VERSION = 5.0;
				TARGETED_DEVICE_FAMILY = "1,2";
			};
			name = Release;
		};
		3E67EDF6291B2F7800ED60C8 /* Debug */ = {
			isa = XCBuildConfiguration;
			buildSettings = {
				ALWAYS_EMBED_SWIFT_STANDARD_LIBRARIES = YES;
				BUNDLE_LOADER = "$(TEST_HOST)";
				CODE_SIGN_STYLE = Automatic;
				CURRENT_PROJECT_VERSION = 1;
				DEVELOPMENT_TEAM = 4SL5L673UU;
				GENERATE_INFOPLIST_FILE = YES;
				IPHONEOS_DEPLOYMENT_TARGET = 16.1;
				MARKETING_VERSION = 1.0;
				PRODUCT_BUNDLE_IDENTIFIER = archegraphics.SwiftArcheTests;
				PRODUCT_NAME = "$(TARGET_NAME)";
				SWIFT_EMIT_LOC_STRINGS = NO;
				SWIFT_VERSION = 5.0;
				TARGETED_DEVICE_FAMILY = "1,2";
				TEST_HOST = "$(BUILT_PRODUCTS_DIR)/SwiftArche.app/$(BUNDLE_EXECUTABLE_FOLDER_PATH)/SwiftArche";
			};
			name = Debug;
		};
		3E67EDF7291B2F7800ED60C8 /* Release */ = {
			isa = XCBuildConfiguration;
			buildSettings = {
				ALWAYS_EMBED_SWIFT_STANDARD_LIBRARIES = YES;
				BUNDLE_LOADER = "$(TEST_HOST)";
				CODE_SIGN_STYLE = Automatic;
				CURRENT_PROJECT_VERSION = 1;
				DEVELOPMENT_TEAM = 4SL5L673UU;
				GENERATE_INFOPLIST_FILE = YES;
				IPHONEOS_DEPLOYMENT_TARGET = 16.1;
				MARKETING_VERSION = 1.0;
				PRODUCT_BUNDLE_IDENTIFIER = archegraphics.SwiftArcheTests;
				PRODUCT_NAME = "$(TARGET_NAME)";
				SWIFT_EMIT_LOC_STRINGS = NO;
				SWIFT_VERSION = 5.0;
				TARGETED_DEVICE_FAMILY = "1,2";
				TEST_HOST = "$(BUILT_PRODUCTS_DIR)/SwiftArche.app/$(BUNDLE_EXECUTABLE_FOLDER_PATH)/SwiftArche";
			};
			name = Release;
		};
		3E67EDF9291B2F7800ED60C8 /* Debug */ = {
			isa = XCBuildConfiguration;
			buildSettings = {
				ALWAYS_EMBED_SWIFT_STANDARD_LIBRARIES = YES;
				CODE_SIGN_STYLE = Automatic;
				CURRENT_PROJECT_VERSION = 1;
				DEVELOPMENT_TEAM = 4SL5L673UU;
				GENERATE_INFOPLIST_FILE = YES;
				MARKETING_VERSION = 1.0;
				PRODUCT_BUNDLE_IDENTIFIER = archegraphics.SwiftArcheUITests;
				PRODUCT_NAME = "$(TARGET_NAME)";
				SWIFT_EMIT_LOC_STRINGS = NO;
				SWIFT_VERSION = 5.0;
				TARGETED_DEVICE_FAMILY = "1,2";
				TEST_TARGET_NAME = SwiftArche;
			};
			name = Debug;
		};
		3E67EDFA291B2F7800ED60C8 /* Release */ = {
			isa = XCBuildConfiguration;
			buildSettings = {
				ALWAYS_EMBED_SWIFT_STANDARD_LIBRARIES = YES;
				CODE_SIGN_STYLE = Automatic;
				CURRENT_PROJECT_VERSION = 1;
				DEVELOPMENT_TEAM = 4SL5L673UU;
				GENERATE_INFOPLIST_FILE = YES;
				MARKETING_VERSION = 1.0;
				PRODUCT_BUNDLE_IDENTIFIER = archegraphics.SwiftArcheUITests;
				PRODUCT_NAME = "$(TARGET_NAME)";
				SWIFT_EMIT_LOC_STRINGS = NO;
				SWIFT_VERSION = 5.0;
				TARGETED_DEVICE_FAMILY = "1,2";
				TEST_TARGET_NAME = SwiftArche;
			};
			name = Release;
		};
/* End XCBuildConfiguration section */

/* Begin XCConfigurationList section */
		3E67EDC0291B2F7600ED60C8 /* Build configuration list for PBXProject "SwiftArche" */ = {
			isa = XCConfigurationList;
			buildConfigurations = (
				3E67EDF0291B2F7800ED60C8 /* Debug */,
				3E67EDF1291B2F7800ED60C8 /* Release */,
			);
			defaultConfigurationIsVisible = 0;
			defaultConfigurationName = Release;
		};
		3E67EDF2291B2F7800ED60C8 /* Build configuration list for PBXNativeTarget "SwiftArche" */ = {
			isa = XCConfigurationList;
			buildConfigurations = (
				3E67EDF3291B2F7800ED60C8 /* Debug */,
				3E67EDF4291B2F7800ED60C8 /* Release */,
			);
			defaultConfigurationIsVisible = 0;
			defaultConfigurationName = Release;
		};
		3E67EDF5291B2F7800ED60C8 /* Build configuration list for PBXNativeTarget "SwiftArcheTests" */ = {
			isa = XCConfigurationList;
			buildConfigurations = (
				3E67EDF6291B2F7800ED60C8 /* Debug */,
				3E67EDF7291B2F7800ED60C8 /* Release */,
			);
			defaultConfigurationIsVisible = 0;
			defaultConfigurationName = Release;
		};
		3E67EDF8291B2F7800ED60C8 /* Build configuration list for PBXNativeTarget "SwiftArcheUITests" */ = {
			isa = XCConfigurationList;
			buildConfigurations = (
				3E67EDF9291B2F7800ED60C8 /* Debug */,
				3E67EDFA291B2F7800ED60C8 /* Release */,
			);
			defaultConfigurationIsVisible = 0;
			defaultConfigurationName = Release;
		};
/* End XCConfigurationList section */
	};
	rootObject = 3E67EDBD291B2F7600ED60C8 /* Project object */;
}
