{
  "pins" : [
    {
      "identity" : "math",
      "kind" : "remoteSourceControl",
      "location" : "https://github.com/ArcheGraphics/Math.git",
      "state" : {
        "branch" : "main",
        "revision" : "35a6317575cc4ff538cecc2a7c107d18a9a53b0d"
      }
    },
    {
      "identity" : "swift-log",
      "kind" : "remoteSourceControl",
      "location" : "https://github.com/apple/swift-log.git",
      "state" : {
        "revision" : "6fe203dc33195667ce1759bf0182975e4653ba1c",
        "version" : "1.4.4"
      }
    }
  ],
  "version" : 2
}
